// !$*UTF8*$!
{
	archiveVersion = 1;
	classes = {
	};
	objectVersion = 56;
	objects = {

/* Begin PBXBuildFile section */
		832BE915EE71A3593A80E5AF /* Pods_MediaDetails.framework in Frameworks */ = {isa = PBXBuildFile; fileRef = 82661DFEB7C81DC057D4C728 /* Pods_MediaDetails.framework */; };
		9F2935B02947846B0075173E /* AppDelegate.swift in Sources */ = {isa = PBXBuildFile; fileRef = 9F2935AF2947846B0075173E /* AppDelegate.swift */; };
		9F2935B22947846B0075173E /* SceneDelegate.swift in Sources */ = {isa = PBXBuildFile; fileRef = 9F2935B12947846B0075173E /* SceneDelegate.swift */; };
		9F2935B42947846B0075173E /* ViewController.swift in Sources */ = {isa = PBXBuildFile; fileRef = 9F2935B32947846B0075173E /* ViewController.swift */; };
		9F2935B72947846B0075173E /* Main.storyboard in Resources */ = {isa = PBXBuildFile; fileRef = 9F2935B52947846B0075173E /* Main.storyboard */; };
		9F2935B92947846D0075173E /* Assets.xcassets in Resources */ = {isa = PBXBuildFile; fileRef = 9F2935B82947846D0075173E /* Assets.xcassets */; };
		9F2935BC2947846D0075173E /* LaunchScreen.storyboard in Resources */ = {isa = PBXBuildFile; fileRef = 9F2935BA2947846D0075173E /* LaunchScreen.storyboard */; };
		9F2935D029479AF20075173E /* MediaListCell.swift in Sources */ = {isa = PBXBuildFile; fileRef = 9F2935CE29479AF10075173E /* MediaListCell.swift */; };
		9F2935D129479AF20075173E /* MediaListCell.xib in Resources */ = {isa = PBXBuildFile; fileRef = 9F2935CF29479AF20075173E /* MediaListCell.xib */; };
		9F2935D429479B440075173E /* Constant.swift in Sources */ = {isa = PBXBuildFile; fileRef = 9F2935D329479B440075173E /* Constant.swift */; };
		9F2935D82947B9B40075173E /* MediaDetailsVC.swift in Sources */ = {isa = PBXBuildFile; fileRef = 9F2935D72947B9B40075173E /* MediaDetailsVC.swift */; };
		9FD79DA02948435400BAB077 /* Category.swift in Sources */ = {isa = PBXBuildFile; fileRef = 9FD79D9B2948435400BAB077 /* Category.swift */; };
		9FD79DA12948435400BAB077 /* Media.swift in Sources */ = {isa = PBXBuildFile; fileRef = 9FD79D9C2948435400BAB077 /* Media.swift */; };
		9FD79DA22948435400BAB077 /* JSONSchemaSupport.swift in Sources */ = {isa = PBXBuildFile; fileRef = 9FD79D9D2948435400BAB077 /* JSONSchemaSupport.swift */; };
		9FD79DA32948435400BAB077 /* Video.swift in Sources */ = {isa = PBXBuildFile; fileRef = 9FD79D9E2948435400BAB077 /* Video.swift */; };
		9FD79DA729485C1300BAB077 /* AppSingleton.swift in Sources */ = {isa = PBXBuildFile; fileRef = 9FD79DA629485C1300BAB077 /* AppSingleton.swift */; };
/* End PBXBuildFile section */

/* Begin PBXFileReference section */
		2BFD1D68F75F6E36633BCB2B /* Pods-MediaDetails.debug.xcconfig */ = {isa = PBXFileReference; includeInIndex = 1; lastKnownFileType = text.xcconfig; name = "Pods-MediaDetails.debug.xcconfig"; path = "Target Support Files/Pods-MediaDetails/Pods-MediaDetails.debug.xcconfig"; sourceTree = "<group>"; };
		82661DFEB7C81DC057D4C728 /* Pods_MediaDetails.framework */ = {isa = PBXFileReference; explicitFileType = wrapper.framework; includeInIndex = 0; path = Pods_MediaDetails.framework; sourceTree = BUILT_PRODUCTS_DIR; };
		9F2935AC2947846B0075173E /* MediaDetails.app */ = {isa = PBXFileReference; explicitFileType = wrapper.application; includeInIndex = 0; path = MediaDetails.app; sourceTree = BUILT_PRODUCTS_DIR; };
		9F2935AF2947846B0075173E /* AppDelegate.swift */ = {isa = PBXFileReference; lastKnownFileType = sourcecode.swift; path = AppDelegate.swift; sourceTree = "<group>"; };
		9F2935B12947846B0075173E /* SceneDelegate.swift */ = {isa = PBXFileReference; lastKnownFileType = sourcecode.swift; path = SceneDelegate.swift; sourceTree = "<group>"; };
		9F2935B32947846B0075173E /* ViewController.swift */ = {isa = PBXFileReference; lastKnownFileType = sourcecode.swift; path = ViewController.swift; sourceTree = "<group>"; };
		9F2935B62947846B0075173E /* Base */ = {isa = PBXFileReference; lastKnownFileType = file.storyboard; name = Base; path = Base.lproj/Main.storyboard; sourceTree = "<group>"; };
		9F2935B82947846D0075173E /* Assets.xcassets */ = {isa = PBXFileReference; lastKnownFileType = folder.assetcatalog; path = Assets.xcassets; sourceTree = "<group>"; };
		9F2935BB2947846D0075173E /* Base */ = {isa = PBXFileReference; lastKnownFileType = file.storyboard; name = Base; path = Base.lproj/LaunchScreen.storyboard; sourceTree = "<group>"; };
		9F2935BD2947846D0075173E /* Info.plist */ = {isa = PBXFileReference; lastKnownFileType = text.plist.xml; path = Info.plist; sourceTree = "<group>"; };
		9F2935CE29479AF10075173E /* MediaListCell.swift */ = {isa = PBXFileReference; lastKnownFileType = sourcecode.swift; path = MediaListCell.swift; sourceTree = "<group>"; };
		9F2935CF29479AF20075173E /* MediaListCell.xib */ = {isa = PBXFileReference; lastKnownFileType = file.xib; path = MediaListCell.xib; sourceTree = "<group>"; };
		9F2935D329479B440075173E /* Constant.swift */ = {isa = PBXFileReference; lastKnownFileType = sourcecode.swift; path = Constant.swift; sourceTree = "<group>"; };
		9F2935D72947B9B40075173E /* MediaDetailsVC.swift */ = {isa = PBXFileReference; lastKnownFileType = sourcecode.swift; path = MediaDetailsVC.swift; sourceTree = "<group>"; };
		9FD79D9B2948435400BAB077 /* Category.swift */ = {isa = PBXFileReference; fileEncoding = 4; lastKnownFileType = sourcecode.swift; path = Category.swift; sourceTree = "<group>"; };
		9FD79D9C2948435400BAB077 /* Media.swift */ = {isa = PBXFileReference; fileEncoding = 4; lastKnownFileType = sourcecode.swift; path = Media.swift; sourceTree = "<group>"; };
		9FD79D9D2948435400BAB077 /* JSONSchemaSupport.swift */ = {isa = PBXFileReference; fileEncoding = 4; lastKnownFileType = sourcecode.swift; path = JSONSchemaSupport.swift; sourceTree = "<group>"; };
		9FD79D9E2948435400BAB077 /* Video.swift */ = {isa = PBXFileReference; fileEncoding = 4; lastKnownFileType = sourcecode.swift; path = Video.swift; sourceTree = "<group>"; };
		9FD79DA629485C1300BAB077 /* AppSingleton.swift */ = {isa = PBXFileReference; lastKnownFileType = sourcecode.swift; path = AppSingleton.swift; sourceTree = "<group>"; };
		D158AE0313B8D03DAA2FB82D /* Pods-MediaDetails.release.xcconfig */ = {isa = PBXFileReference; includeInIndex = 1; lastKnownFileType = text.xcconfig; name = "Pods-MediaDetails.release.xcconfig"; path = "Target Support Files/Pods-MediaDetails/Pods-MediaDetails.release.xcconfig"; sourceTree = "<group>"; };
/* End PBXFileReference section */

/* Begin PBXFrameworksBuildPhase section */
		9F2935A92947846B0075173E /* Frameworks */ = {
			isa = PBXFrameworksBuildPhase;
			buildActionMask = 2147483647;
			files = (
				832BE915EE71A3593A80E5AF /* Pods_MediaDetails.framework in Frameworks */,
			);
			runOnlyForDeploymentPostprocessing = 0;
		};
/* End PBXFrameworksBuildPhase section */

/* Begin PBXGroup section */
		48F688C7FD55D014189FF612 /* Pods */ = {
			isa = PBXGroup;
			children = (
				2BFD1D68F75F6E36633BCB2B /* Pods-MediaDetails.debug.xcconfig */,
				D158AE0313B8D03DAA2FB82D /* Pods-MediaDetails.release.xcconfig */,
			);
			path = Pods;
			sourceTree = "<group>";
		};
		9F2935A32947846B0075173E = {
			isa = PBXGroup;
			children = (
				9F2935AE2947846B0075173E /* MediaDetails */,
				9F2935AD2947846B0075173E /* Products */,
				48F688C7FD55D014189FF612 /* Pods */,
				EDD1351AAA3008C85EFAF7A0 /* Frameworks */,
			);
			sourceTree = "<group>";
		};
		9F2935AD2947846B0075173E /* Products */ = {
			isa = PBXGroup;
			children = (
				9F2935AC2947846B0075173E /* MediaDetails.app */,
			);
			name = Products;
			sourceTree = "<group>";
		};
		9F2935AE2947846B0075173E /* MediaDetails */ = {
			isa = PBXGroup;
			children = (
				9FD79DA529485BFC00BAB077 /* AppSingleton */,
				9F2935CC29479AA30075173E /* AppDelegate */,
				9F2935D229479B2D0075173E /* Constant */,
				9F2935D52947B9820075173E /* Controllers */,
				9F2935C329478FC20075173E /* Model */,
				9F2935B52947846B0075173E /* Main.storyboard */,
				9F2935B82947846D0075173E /* Assets.xcassets */,
				9F2935BA2947846D0075173E /* LaunchScreen.storyboard */,
				9F2935BD2947846D0075173E /* Info.plist */,
			);
			path = MediaDetails;
			sourceTree = "<group>";
		};
		9F2935C329478FC20075173E /* Model */ = {
			isa = PBXGroup;
			children = (
				9FD79D9B2948435400BAB077 /* Category.swift */,
				9FD79D9D2948435400BAB077 /* JSONSchemaSupport.swift */,
				9FD79D9C2948435400BAB077 /* Media.swift */,
				9FD79D9E2948435400BAB077 /* Video.swift */,
			);
			path = Model;
			sourceTree = "<group>";
		};
		9F2935CB29479A920075173E /* ListData */ = {
			isa = PBXGroup;
			children = (
				9F2935CD29479ACD0075173E /* MediaListCell */,
				9F2935B32947846B0075173E /* ViewController.swift */,
			);
			path = ListData;
			sourceTree = "<group>";
		};
		9F2935CC29479AA30075173E /* AppDelegate */ = {
			isa = PBXGroup;
			children = (
				9F2935AF2947846B0075173E /* AppDelegate.swift */,
				9F2935B12947846B0075173E /* SceneDelegate.swift */,
			);
			path = AppDelegate;
			sourceTree = "<group>";
		};
		9F2935CD29479ACD0075173E /* MediaListCell */ = {
			isa = PBXGroup;
			children = (
				9F2935CE29479AF10075173E /* MediaListCell.swift */,
				9F2935CF29479AF20075173E /* MediaListCell.xib */,
			);
			path = MediaListCell;
			sourceTree = "<group>";
		};
		9F2935D229479B2D0075173E /* Constant */ = {
			isa = PBXGroup;
			children = (
				9F2935D329479B440075173E /* Constant.swift */,
			);
			path = Constant;
			sourceTree = "<group>";
		};
		9F2935D52947B9820075173E /* Controllers */ = {
			isa = PBXGroup;
			children = (
				9F2935D62947B98D0075173E /* MediaDetails */,
				9F2935CB29479A920075173E /* ListData */,
			);
			path = Controllers;
			sourceTree = "<group>";
		};
		9F2935D62947B98D0075173E /* MediaDetails */ = {
			isa = PBXGroup;
			children = (
				9F2935D72947B9B40075173E /* MediaDetailsVC.swift */,
			);
			path = MediaDetails;
			sourceTree = "<group>";
		};
		9FD79DA529485BFC00BAB077 /* AppSingleton */ = {
			isa = PBXGroup;
			children = (
				9FD79DA629485C1300BAB077 /* AppSingleton.swift */,
			);
			path = AppSingleton;
			sourceTree = "<group>";
		};
		EDD1351AAA3008C85EFAF7A0 /* Frameworks */ = {
			isa = PBXGroup;
			children = (
				82661DFEB7C81DC057D4C728 /* Pods_MediaDetails.framework */,
			);
			name = Frameworks;
			sourceTree = "<group>";
		};
/* End PBXGroup section */

/* Begin PBXNativeTarget section */
		9F2935AB2947846B0075173E /* MediaDetails */ = {
			isa = PBXNativeTarget;
			buildConfigurationList = 9F2935C02947846D0075173E /* Build configuration list for PBXNativeTarget "MediaDetails" */;
			buildPhases = (
				FE4448CF369F19812CDAAA71 /* [CP] Check Pods Manifest.lock */,
				9F2935A82947846B0075173E /* Sources */,
				9F2935A92947846B0075173E /* Frameworks */,
				9F2935AA2947846B0075173E /* Resources */,
				234FA8E3D730BCA71D8D0981 /* [CP] Embed Pods Frameworks */,
			);
			buildRules = (
			);
			dependencies = (
			);
			name = MediaDetails;
			productName = MediaDetails;
			productReference = 9F2935AC2947846B0075173E /* MediaDetails.app */;
			productType = "com.apple.product-type.application";
		};
/* End PBXNativeTarget section */

/* Begin PBXProject section */
		9F2935A42947846B0075173E /* Project object */ = {
			isa = PBXProject;
			attributes = {
				BuildIndependentTargetsInParallel = 1;
				LastSwiftUpdateCheck = 1400;
				LastUpgradeCheck = 1400;
				TargetAttributes = {
					9F2935AB2947846B0075173E = {
						CreatedOnToolsVersion = 14.0;
					};
				};
			};
			buildConfigurationList = 9F2935A72947846B0075173E /* Build configuration list for PBXProject "MediaDetails" */;
			compatibilityVersion = "Xcode 14.0";
			developmentRegion = en;
			hasScannedForEncodings = 0;
			knownRegions = (
				en,
				Base,
			);
			mainGroup = 9F2935A32947846B0075173E;
			productRefGroup = 9F2935AD2947846B0075173E /* Products */;
			projectDirPath = "";
			projectRoot = "";
			targets = (
				9F2935AB2947846B0075173E /* MediaDetails */,
			);
		};
/* End PBXProject section */

/* Begin PBXResourcesBuildPhase section */
		9F2935AA2947846B0075173E /* Resources */ = {
			isa = PBXResourcesBuildPhase;
			buildActionMask = 2147483647;
			files = (
				9F2935BC2947846D0075173E /* LaunchScreen.storyboard in Resources */,
				9F2935B92947846D0075173E /* Assets.xcassets in Resources */,
				9F2935D129479AF20075173E /* MediaListCell.xib in Resources */,
				9F2935B72947846B0075173E /* Main.storyboard in Resources */,
			);
			runOnlyForDeploymentPostprocessing = 0;
		};
/* End PBXResourcesBuildPhase section */

/* Begin PBXShellScriptBuildPhase section */
		234FA8E3D730BCA71D8D0981 /* [CP] Embed Pods Frameworks */ = {
			isa = PBXShellScriptBuildPhase;
			buildActionMask = 2147483647;
			files = (
			);
			inputFileListPaths = (
				"${PODS_ROOT}/Target Support Files/Pods-MediaDetails/Pods-MediaDetails-frameworks-${CONFIGURATION}-input-files.xcfilelist",
			);
			name = "[CP] Embed Pods Frameworks";
			outputFileListPaths = (
				"${PODS_ROOT}/Target Support Files/Pods-MediaDetails/Pods-MediaDetails-frameworks-${CONFIGURATION}-output-files.xcfilelist",
			);
			runOnlyForDeploymentPostprocessing = 0;
			shellPath = /bin/sh;
			shellScript = "\"${PODS_ROOT}/Target Support Files/Pods-MediaDetails/Pods-MediaDetails-frameworks.sh\"\n";
			showEnvVarsInLog = 0;
		};
		FE4448CF369F19812CDAAA71 /* [CP] Check Pods Manifest.lock */ = {
			isa = PBXShellScriptBuildPhase;
			buildActionMask = 2147483647;
			files = (
			);
			inputFileListPaths = (
			);
			inputPaths = (
				"${PODS_PODFILE_DIR_PATH}/Podfile.lock",
				"${PODS_ROOT}/Manifest.lock",
			);
			name = "[CP] Check Pods Manifest.lock";
			outputFileListPaths = (
			);
			outputPaths = (
				"$(DERIVED_FILE_DIR)/Pods-MediaDetails-checkManifestLockResult.txt",
			);
			runOnlyForDeploymentPostprocessing = 0;
			shellPath = /bin/sh;
			shellScript = "diff \"${PODS_PODFILE_DIR_PATH}/Podfile.lock\" \"${PODS_ROOT}/Manifest.lock\" > /dev/null\nif [ $? != 0 ] ; then\n    # print error to STDERR\n    echo \"error: The sandbox is not in sync with the Podfile.lock. Run 'pod install' or update your CocoaPods installation.\" >&2\n    exit 1\nfi\n# This output is used by Xcode 'outputs' to avoid re-running this script phase.\necho \"SUCCESS\" > \"${SCRIPT_OUTPUT_FILE_0}\"\n";
			showEnvVarsInLog = 0;
		};
/* End PBXShellScriptBuildPhase section */

/* Begin PBXSourcesBuildPhase section */
		9F2935A82947846B0075173E /* Sources */ = {
			isa = PBXSourcesBuildPhase;
			buildActionMask = 2147483647;
			files = (
				9FD79DA22948435400BAB077 /* JSONSchemaSupport.swift in Sources */,
				9FD79DA729485C1300BAB077 /* AppSingleton.swift in Sources */,
				9F2935D429479B440075173E /* Constant.swift in Sources */,
				9F2935D029479AF20075173E /* MediaListCell.swift in Sources */,
				9F2935B42947846B0075173E /* ViewController.swift in Sources */,
				9F2935B02947846B0075173E /* AppDelegate.swift in Sources */,
				9FD79DA12948435400BAB077 /* Media.swift in Sources */,
				9FD79DA32948435400BAB077 /* Video.swift in Sources */,
				9F2935D82947B9B40075173E /* MediaDetailsVC.swift in Sources */,
				9F2935B22947846B0075173E /* SceneDelegate.swift in Sources */,
				9FD79DA02948435400BAB077 /* Category.swift in Sources */,
			);
			runOnlyForDeploymentPostprocessing = 0;
		};
/* End PBXSourcesBuildPhase section */

/* Begin PBXVariantGroup section */
		9F2935B52947846B0075173E /* Main.storyboard */ = {
			isa = PBXVariantGroup;
			children = (
				9F2935B62947846B0075173E /* Base */,
			);
			name = Main.storyboard;
			sourceTree = "<group>";
		};
		9F2935BA2947846D0075173E /* LaunchScreen.storyboard */ = {
			isa = PBXVariantGroup;
			children = (
				9F2935BB2947846D0075173E /* Base */,
			);
			name = LaunchScreen.storyboard;
			sourceTree = "<group>";
		};
/* End PBXVariantGroup section */

/* Begin XCBuildConfiguration section */
		9F2935BE2947846D0075173E /* Debug */ = {
			isa = XCBuildConfiguration;
			buildSettings = {
				ALWAYS_SEARCH_USER_PATHS = NO;
				CLANG_ANALYZER_NONNULL = YES;
				CLANG_ANALYZER_NUMBER_OBJECT_CONVERSION = YES_AGGRESSIVE;
				CLANG_CXX_LANGUAGE_STANDARD = "gnu++20";
				CLANG_ENABLE_MODULES = YES;
				CLANG_ENABLE_OBJC_ARC = YES;
				CLANG_ENABLE_OBJC_WEAK = YES;
				CLANG_WARN_BLOCK_CAPTURE_AUTORELEASING = YES;
				CLANG_WARN_BOOL_CONVERSION = YES;
				CLANG_WARN_COMMA = YES;
				CLANG_WARN_CONSTANT_CONVERSION = YES;
				CLANG_WARN_DEPRECATED_OBJC_IMPLEMENTATIONS = YES;
				CLANG_WARN_DIRECT_OBJC_ISA_USAGE = YES_ERROR;
				CLANG_WARN_DOCUMENTATION_COMMENTS = YES;
				CLANG_WARN_EMPTY_BODY = YES;
				CLANG_WARN_ENUM_CONVERSION = YES;
				CLANG_WARN_INFINITE_RECURSION = YES;
				CLANG_WARN_INT_CONVERSION = YES;
				CLANG_WARN_NON_LITERAL_NULL_CONVERSION = YES;
				CLANG_WARN_OBJC_IMPLICIT_RETAIN_SELF = YES;
				CLANG_WARN_OBJC_LITERAL_CONVERSION = YES;
				CLANG_WARN_OBJC_ROOT_CLASS = YES_ERROR;
				CLANG_WARN_QUOTED_INCLUDE_IN_FRAMEWORK_HEADER = YES;
				CLANG_WARN_RANGE_LOOP_ANALYSIS = YES;
				CLANG_WARN_STRICT_PROTOTYPES = YES;
				CLANG_WARN_SUSPICIOUS_MOVE = YES;
				CLANG_WARN_UNGUARDED_AVAILABILITY = YES_AGGRESSIVE;
				CLANG_WARN_UNREACHABLE_CODE = YES;
				CLANG_WARN__DUPLICATE_METHOD_MATCH = YES;
				COPY_PHASE_STRIP = NO;
				DEBUG_INFORMATION_FORMAT = dwarf;
				ENABLE_STRICT_OBJC_MSGSEND = YES;
				ENABLE_TESTABILITY = YES;
				GCC_C_LANGUAGE_STANDARD = gnu11;
				GCC_DYNAMIC_NO_PIC = NO;
				GCC_NO_COMMON_BLOCKS = YES;
				GCC_OPTIMIZATION_LEVEL = 0;
				GCC_PREPROCESSOR_DEFINITIONS = (
					"DEBUG=1",
					"$(inherited)",
				);
				GCC_WARN_64_TO_32_BIT_CONVERSION = YES;
				GCC_WARN_ABOUT_RETURN_TYPE = YES_ERROR;
				GCC_WARN_UNDECLARED_SELECTOR = YES;
				GCC_WARN_UNINITIALIZED_AUTOS = YES_AGGRESSIVE;
				GCC_WARN_UNUSED_FUNCTION = YES;
				GCC_WARN_UNUSED_VARIABLE = YES;
				IPHONEOS_DEPLOYMENT_TARGET = 16.0;
				MTL_ENABLE_DEBUG_INFO = INCLUDE_SOURCE;
				MTL_FAST_MATH = YES;
				ONLY_ACTIVE_ARCH = YES;
				SDKROOT = iphoneos;
				SWIFT_ACTIVE_COMPILATION_CONDITIONS = DEBUG;
				SWIFT_OPTIMIZATION_LEVEL = "-Onone";
			};
			name = Debug;
		};
		9F2935BF2947846D0075173E /* Release */ = {
			isa = XCBuildConfiguration;
			buildSettings = {
				ALWAYS_SEARCH_USER_PATHS = NO;
				CLANG_ANALYZER_NONNULL = YES;
				CLANG_ANALYZER_NUMBER_OBJECT_CONVERSION = YES_AGGRESSIVE;
				CLANG_CXX_LANGUAGE_STANDARD = "gnu++20";
				CLANG_ENABLE_MODULES = YES;
				CLANG_ENABLE_OBJC_ARC = YES;
				CLANG_ENABLE_OBJC_WEAK = YES;
				CLANG_WARN_BLOCK_CAPTURE_AUTORELEASING = YES;
				CLANG_WARN_BOOL_CONVERSION = YES;
				CLANG_WARN_COMMA = YES;
				CLANG_WARN_CONSTANT_CONVERSION = YES;
				CLANG_WARN_DEPRECATED_OBJC_IMPLEMENTATIONS = YES;
				CLANG_WARN_DIRECT_OBJC_ISA_USAGE = YES_ERROR;
				CLANG_WARN_DOCUMENTATION_COMMENTS = YES;
				CLANG_WARN_EMPTY_BODY = YES;
				CLANG_WARN_ENUM_CONVERSION = YES;
				CLANG_WARN_INFINITE_RECURSION = YES;
				CLANG_WARN_INT_CONVERSION = YES;
				CLANG_WARN_NON_LITERAL_NULL_CONVERSION = YES;
				CLANG_WARN_OBJC_IMPLICIT_RETAIN_SELF = YES;
				CLANG_WARN_OBJC_LITERAL_CONVERSION = YES;
				CLANG_WARN_OBJC_ROOT_CLASS = YES_ERROR;
				CLANG_WARN_QUOTED_INCLUDE_IN_FRAMEWORK_HEADER = YES;
				CLANG_WARN_RANGE_LOOP_ANALYSIS = YES;
				CLANG_WARN_STRICT_PROTOTYPES = YES;
				CLANG_WARN_SUSPICIOUS_MOVE = YES;
				CLANG_WARN_UNGUARDED_AVAILABILITY = YES_AGGRESSIVE;
				CLANG_WARN_UNREACHABLE_CODE = YES;
				CLANG_WARN__DUPLICATE_METHOD_MATCH = YES;
				COPY_PHASE_STRIP = NO;
				DEBUG_INFORMATION_FORMAT = "dwarf-with-dsym";
				ENABLE_NS_ASSERTIONS = NO;
				ENABLE_STRICT_OBJC_MSGSEND = YES;
				GCC_C_LANGUAGE_STANDARD = gnu11;
				GCC_NO_COMMON_BLOCKS = YES;
				GCC_WARN_64_TO_32_BIT_CONVERSION = YES;
				GCC_WARN_ABOUT_RETURN_TYPE = YES_ERROR;
				GCC_WARN_UNDECLARED_SELECTOR = YES;
				GCC_WARN_UNINITIALIZED_AUTOS = YES_AGGRESSIVE;
				GCC_WARN_UNUSED_FUNCTION = YES;
				GCC_WARN_UNUSED_VARIABLE = YES;
				IPHONEOS_DEPLOYMENT_TARGET = 16.0;
				MTL_ENABLE_DEBUG_INFO = NO;
				MTL_FAST_MATH = YES;
				SDKROOT = iphoneos;
				SWIFT_COMPILATION_MODE = wholemodule;
				SWIFT_OPTIMIZATION_LEVEL = "-O";
				VALIDATE_PRODUCT = YES;
			};
			name = Release;
		};
		9F2935C12947846D0075173E /* Debug */ = {
			isa = XCBuildConfiguration;
			baseConfigurationReference = 2BFD1D68F75F6E36633BCB2B /* Pods-MediaDetails.debug.xcconfig */;
			buildSettings = {
				ASSETCATALOG_COMPILER_APPICON_NAME = AppIcon;
				ASSETCATALOG_COMPILER_GLOBAL_ACCENT_COLOR_NAME = AccentColor;
				CODE_SIGN_STYLE = Automatic;
				CURRENT_PROJECT_VERSION = 1;
				GENERATE_INFOPLIST_FILE = YES;
				INFOPLIST_FILE = MediaDetails/Info.plist;
				INFOPLIST_KEY_UIApplicationSupportsIndirectInputEvents = YES;
				INFOPLIST_KEY_UILaunchStoryboardName = LaunchScreen;
				INFOPLIST_KEY_UIMainStoryboardFile = Main;
				INFOPLIST_KEY_UISupportedInterfaceOrientations_iPad = "UIInterfaceOrientationPortrait UIInterfaceOrientationPortraitUpsideDown UIInterfaceOrientationLandscapeLeft UIInterfaceOrientationLandscapeRight";
				INFOPLIST_KEY_UISupportedInterfaceOrientations_iPhone = "UIInterfaceOrientationPortrait UIInterfaceOrientationLandscapeLeft UIInterfaceOrientationLandscapeRight";
				LD_RUNPATH_SEARCH_PATHS = (
					"$(inherited)",
					"@executable_path/Frameworks",
				);
				MARKETING_VERSION = 1.0;
				PRODUCT_BUNDLE_IDENTIFIER = com.MediaDetails;
				PRODUCT_NAME = "$(TARGET_NAME)";
				SWIFT_EMIT_LOC_STRINGS = YES;
				SWIFT_VERSION = 5.0;
				TARGETED_DEVICE_FAMILY = "1,2";
			};
			name = Debug;
		};
		9F2935C22947846D0075173E /* Release */ = {
			isa = XCBuildConfiguration;
			baseConfigurationReference = D158AE0313B8D03DAA2FB82D /* Pods-MediaDetails.release.xcconfig */;
			buildSettings = {
				ASSETCATALOG_COMPILER_APPICON_NAME = AppIcon;
				ASSETCATALOG_COMPILER_GLOBAL_ACCENT_COLOR_NAME = AccentColor;
				CODE_SIGN_STYLE = Automatic;
				CURRENT_PROJECT_VERSION = 1;
				GENERATE_INFOPLIST_FILE = YES;
				INFOPLIST_FILE = MediaDetails/Info.plist;
				INFOPLIST_KEY_UIApplicationSupportsIndirectInputEvents = YES;
				INFOPLIST_KEY_UILaunchStoryboardName = LaunchScreen;
				INFOPLIST_KEY_UIMainStoryboardFile = Main;
				INFOPLIST_KEY_UISupportedInterfaceOrientations_iPad = "UIInterfaceOrientationPortrait UIInterfaceOrientationPortraitUpsideDown UIInterfaceOrientationLandscapeLeft UIInterfaceOrientationLandscapeRight";
				INFOPLIST_KEY_UISupportedInterfaceOrientations_iPhone = "UIInterfaceOrientationPortrait UIInterfaceOrientationLandscapeLeft UIInterfaceOrientationLandscapeRight";
				LD_RUNPATH_SEARCH_PATHS = (
					"$(inherited)",
					"@executable_path/Frameworks",
				);
				MARKETING_VERSION = 1.0;
				PRODUCT_BUNDLE_IDENTIFIER = com.MediaDetails;
				PRODUCT_NAME = "$(TARGET_NAME)";
				SWIFT_EMIT_LOC_STRINGS = YES;
				SWIFT_VERSION = 5.0;
				TARGETED_DEVICE_FAMILY = "1,2";
			};
			name = Release;
		};
/* End XCBuildConfiguration section */

/* Begin XCConfigurationList section */
		9F2935A72947846B0075173E /* Build configuration list for PBXProject "MediaDetails" */ = {
			isa = XCConfigurationList;
			buildConfigurations = (
				9F2935BE2947846D0075173E /* Debug */,
				9F2935BF2947846D0075173E /* Release */,
			);
			defaultConfigurationIsVisible = 0;
			defaultConfigurationName = Release;
		};
		9F2935C02947846D0075173E /* Build configuration list for PBXNativeTarget "MediaDetails" */ = {
			isa = XCConfigurationList;
			buildConfigurations = (
				9F2935C12947846D0075173E /* Debug */,
				9F2935C22947846D0075173E /* Release */,
			);
			defaultConfigurationIsVisible = 0;
			defaultConfigurationName = Release;
		};
/* End XCConfigurationList section */
	};
	rootObject = 9F2935A42947846B0075173E /* Project object */;
}
